<?xml version="1.0" encoding="utf-8"?>
<Project ToolsVersion="4.0" xmlns="http://schemas.microsoft.com/developer/msbuild/2003">
  <ItemGroup>
    <Filter Include="Source Files">
      <UniqueIdentifier>{4FC737F1-C7A5-4376-A066-2A32D752A2FF}</UniqueIdentifier>
      <Extensions>cpp;c;cc;cxx;def;odl;idl;hpj;bat;asm;asmx</Extensions>
    </Filter>
    <Filter Include="Header Files">
      <UniqueIdentifier>{93995380-89BD-4b04-88EB-625FBE52EBFB}</UniqueIdentifier>
      <Extensions>h;hh;hpp;hxx;hm;inl;inc;ipp;xsd</Extensions>
    </Filter>
    <Filter Include="Resource Files">
      <UniqueIdentifier>{67DA6AB6-F800-4c08-8B7A-83BB121AAD01}</UniqueIdentifier>
      <Extensions>rc;ico;cur;bmp;dlg;rc2;rct;bin;rgs;gif;jpg;jpeg;jpe;resx;tiff;tif;png;wav;mfcribbon-ms</Extensions>
    </Filter>
  </ItemGroup>
  <ItemGroup>
    <ClCompile Include="dllmain.cpp">
      <Filter>Source Files</Filter>
    </ClCompile>
    <ClCompile Include="util\fiber.cpp">
      <Filter>Source Files</Filter>
    </ClCompile>
    <ClCompile Include="core\core.cpp">
      <Filter>Source Files</Filter>
    </ClCompile>
    <ClCompile Include="memory\helpers.cpp">
      <Filter>Source Files</Filter>
    </ClCompile>
    <ClCompile Include="memory\memory-location.cpp">
      <Filter>Source Files</Filter>
    </ClCompile>
    <ClCompile Include="memory\patternscan.cpp">
      <Filter>Source Files</Filter>
    </ClCompile>
    <ClCompile Include="hooking\command-hook.cpp">
      <Filter>Source Files</Filter>
    </ClCompile>
    <ClCompile Include="hooking\detour-hook.cpp">
      <Filter>Source Files</Filter>
    </ClCompile>
    <ClCompile Include="hooking\input-hook.cpp">
      <Filter>Source Files</Filter>
    </ClCompile>
    <ClCompile Include="invoker\crossmapping.cpp">
      <Filter>Source Files</Filter>
    </ClCompile>
    <ClCompile Include="invoker\invoker.cpp">
      <Filter>Source Files</Filter>
    </ClCompile>
    <ClCompile Include="rage\scrThread.cpp">
      <Filter>Source Files</Filter>
    </ClCompile>
  </ItemGroup>
  <ItemGroup>
    <ClInclude Include="scripting\script.hpp">
      <Filter>Header Files</Filter>
    </ClInclude>
    <ClInclude Include="util\fiber.hpp">
      <Filter>Header Files</Filter>
    </ClInclude>
    <ClInclude Include="core\core.hpp">
      <Filter>Header Files</Filter>
    </ClInclude>
    <ClInclude Include="memory\helpers.hpp">
      <Filter>Header Files</Filter>
    </ClInclude>
    <ClInclude Include="memory\memory-location.hpp">
      <Filter>Header Files</Filter>
    </ClInclude>
    <ClInclude Include="memory\patternscan.hpp">
      <Filter>Header Files</Filter>
    </ClInclude>
    <ClInclude Include="types.hpp">
      <Filter>Header Files</Filter>
    </ClInclude>
    <ClInclude Include="hooking\command-hook.hpp">
      <Filter>Header Files</Filter>
    </ClInclude>
    <ClInclude Include="hooking\detour-hook.hpp">
      <Filter>Header Files</Filter>
    </ClInclude>
    <ClInclude Include="hooking\input-hook.hpp">
      <Filter>Header Files</Filter>
    </ClInclude>
    <ClInclude Include="rage\scrThread.hpp">
      <Filter>Header Files</Filter>
    </ClInclude>
    <ClInclude Include="invoker\crossmapping.hpp">
      <Filter>Header Files</Filter>
    </ClInclude>
    <ClInclude Include="invoker\invoker.hpp">
      <Filter>Header Files</Filter>
    </ClInclude>
  </ItemGroup>
</Project>